
Microsoft Visual Studio Solution File, Format Version 12.00
# Visual Studio 2012
Project("{8BC9CEB8-8B4A-11D0-8D11-00A0C91BC942}") = "Muzzler_OpenGL", "Muzzler_OpenGL\Muzzler_OpenGL.vcxproj", "{5061BA5C-7535-4364-A6E6-08E5D27F412A}"
EndProject
Global
	GlobalSection(SolutionConfigurationPlatforms) = preSolution
		Debug|Win32 = Debug|Win32
		Release|Win32 = Release|Win32
	EndGlobalSection
	GlobalSection(ProjectConfigurationPlatforms) = postSolution
		{5061BA5C-7535-4364-A6E6-08E5D27F412A}.Debug|Win32.ActiveCfg = Debug|Win32
		{5061BA5C-7535-4364-A6E6-08E5D27F412A}.Debug|Win32.Build.0 = Debug|Win32
		{5061BA5C-7535-4364-A6E6-08E5D27F412A}.Release|Win32.ActiveCfg = Release|Win32
		{5061BA5C-7535-4364-A6E6-08E5D27F412A}.Release|Win32.Build.0 = Release|Win32
	EndGlobalSection
	GlobalSection(SolutionProperties) = preSolution
		HideSolutionNode = FALSE
	EndGlobalSection
EndGlobal
