<?xml version="1.0" encoding="utf-8"?>
<Project ToolsVersion="4.0" xmlns="http://schemas.microsoft.com/developer/msbuild/2003">
  <ItemGroup>
    <Filter Include="Include">
      <UniqueIdentifier>{93995380-89BD-4b04-88EB-625FBE52EBFB}</UniqueIdentifier>
      <Extensions>h;hh;hpp;hxx;hm;inl;inc;xsd</Extensions>
    </Filter>
    <Filter Include="Include\AuroraSDK">
      <UniqueIdentifier>{4e9d842b-c21a-4109-87e0-ebe22c83a58a}</UniqueIdentifier>
    </Filter>
    <Filter Include="Source">
      <UniqueIdentifier>{4FC737F1-C7A5-4376-A066-2A32D752A2FF}</UniqueIdentifier>
      <Extensions>cpp;c;cc;cxx;def;odl;idl;hpj;bat;asm;asmx</Extensions>
    </Filter>
    <Filter Include="Source\AuroraSDK">
      <UniqueIdentifier>{02ae4ec5-35d3-438c-8d2c-785ff224e6c2}</UniqueIdentifier>
    </Filter>
    <Filter Include="Source\NotificationCenter">
      <UniqueIdentifier>{9f878f53-360b-47e2-8aa7-b843b7126096}</UniqueIdentifier>
    </Filter>
    <Filter Include="Include\NotificationCenter">
      <UniqueIdentifier>{75ad42df-244c-412e-874a-b9d007dcb0cd}</UniqueIdentifier>
    </Filter>
    <Filter Include="Assets">
      <UniqueIdentifier>{67DA6AB6-F800-4c08-8B7A-83BB121AAD01}</UniqueIdentifier>
      <Extensions>rc;ico;cur;bmp;dlg;rc2;rct;bin;rgs;gif;jpg;jpeg;jpe;resx;tiff;tif;png;wav;mfcribbon-ms</Extensions>
    </Filter>
    <Filter Include="Assets\AuroraSDK">
      <UniqueIdentifier>{0edb71b6-d754-4d21-9f34-874bd14dd04b}</UniqueIdentifier>
    </Filter>
    <Filter Include="Assets\AuroraSDK\Images">
      <UniqueIdentifier>{e0d4b011-d01f-4724-acc3-3bded9703f8c}</UniqueIdentifier>
    </Filter>
    <Filter Include="Assets\AuroraSDK\Shaders">
      <UniqueIdentifier>{bec7cc6e-0bd9-4837-b0af-5807873b3d8a}</UniqueIdentifier>
    </Filter>
    <Filter Include="Assets\NotificationCenter">
      <UniqueIdentifier>{915695ea-ce31-41e7-8903-f311ce790c86}</UniqueIdentifier>
    </Filter>
    <Filter Include="Include\AuroraSDK\Linux">
      <UniqueIdentifier>{3533dbb1-1d3c-4f45-b63b-94a682c2c72c}</UniqueIdentifier>
    </Filter>
    <Filter Include="Source\AuroraSDK\Windows">
      <UniqueIdentifier>{f8befe8d-8b03-4d7d-a1c6-8be15b99ebc5}</UniqueIdentifier>
    </Filter>
    <Filter Include="Source\AuroraSDK\Linux">
      <UniqueIdentifier>{8734ac5f-41df-451e-83e1-37d0110414e6}</UniqueIdentifier>
    </Filter>
    <Filter Include="Include\AuroraSDK\Core">
      <UniqueIdentifier>{f32b0916-bde7-4d3a-a940-fa78f45f188a}</UniqueIdentifier>
    </Filter>
    <Filter Include="Source\AuroraSDK\Core">
      <UniqueIdentifier>{39345f07-b2ae-459e-b4db-dbb990b45317}</UniqueIdentifier>
    </Filter>
    <Filter Include="Include\AuroraSDK\Structure">
      <UniqueIdentifier>{cd904880-9c45-465b-81d9-f6e19d89d628}</UniqueIdentifier>
    </Filter>
    <Filter Include="Include\AuroraSDK\Windows">
      <UniqueIdentifier>{a1a2397a-486a-4c56-a06f-a2e71c1bd1af}</UniqueIdentifier>
    </Filter>
  </ItemGroup>
  <ItemGroup>
    <ClCompile Include="NotificationCenter.cpp">
      <Filter>Source\NotificationCenter</Filter>
    </ClCompile>
    <ClCompile Include="Launcher.cpp">
      <Filter>Source\NotificationCenter</Filter>
    </ClCompile>
    <ClCompile Include="CustomPanel.cpp">
      <Filter>Source\NotificationCenter</Filter>
    </ClCompile>
    <ClCompile Include="..\..\..\Aurora-SDK\Lib\Source\Windows\AbstractShader.cpp">
      <Filter>Source\AuroraSDK\Windows</Filter>
    </ClCompile>
    <ClCompile Include="..\..\..\Aurora-SDK\Lib\Source\Windows\AbstractTexture.cpp">
      <Filter>Source\AuroraSDK\Windows</Filter>
    </ClCompile>
    <ClCompile Include="..\..\..\Aurora-SDK\Lib\Source\Windows\AbstractTextureShader.cpp">
      <Filter>Source\AuroraSDK\Windows</Filter>
    </ClCompile>
    <ClCompile Include="..\..\..\Aurora-SDK\Lib\Source\Windows\BackBuffer.cpp">
      <Filter>Source\AuroraSDK\Windows</Filter>
    </ClCompile>
    <ClCompile Include="..\..\..\Aurora-SDK\Lib\Source\Windows\ColoredTextureShader.cpp">
      <Filter>Source\AuroraSDK\Windows</Filter>
    </ClCompile>
    <ClCompile Include="..\..\..\Aurora-SDK\Lib\Source\Windows\ColorShader.cpp">
      <Filter>Source\AuroraSDK\Windows</Filter>
    </ClCompile>
    <ClCompile Include="..\..\..\Aurora-SDK\Lib\Source\Windows\EventQueue.cpp">
      <Filter>Source\AuroraSDK\Windows</Filter>
    </ClCompile>
    <ClCompile Include="..\..\..\Aurora-SDK\Lib\Source\Windows\Frame.cpp">
      <Filter>Source\AuroraSDK\Windows</Filter>
    </ClCompile>
    <ClCompile Include="..\..\..\Aurora-SDK\Lib\Source\Windows\QuadFactory.cpp">
      <Filter>Source\AuroraSDK\Windows</Filter>
    </ClCompile>
    <ClCompile Include="..\..\..\Aurora-SDK\Lib\Source\Windows\TextureBuffer.cpp">
      <Filter>Source\AuroraSDK\Windows</Filter>
    </ClCompile>
    <ClCompile Include="..\..\..\Aurora-SDK\Lib\Source\Windows\TextureShader.cpp">
      <Filter>Source\AuroraSDK\Windows</Filter>
    </ClCompile>
    <ClCompile Include="..\..\..\Aurora-SDK\Lib\Source\Windows\Thread.cpp">
      <Filter>Source\AuroraSDK\Windows</Filter>
    </ClCompile>
    <ClCompile Include="..\..\..\Aurora-SDK\Lib\Source\Windows\Window.cpp">
      <Filter>Source\AuroraSDK\Windows</Filter>
    </ClCompile>
    <ClCompile Include="..\..\..\Aurora-SDK\Lib\Source\Windows\Graphics.cpp">
      <Filter>Source\AuroraSDK\Windows</Filter>
    </ClCompile>
    <ClCompile Include="..\..\..\Aurora-SDK\Lib\Source\Windows\Texture.cpp">
      <Filter>Source\AuroraSDK\Windows</Filter>
    </ClCompile>
    <ClCompile Include="..\..\..\Aurora-SDK\Lib\Source\Core\AbstractBackBuffer.cpp">
      <Filter>Source\AuroraSDK\Core</Filter>
    </ClCompile>
    <ClCompile Include="..\..\..\Aurora-SDK\Lib\Source\Core\AbstractEventQueue.cpp">
      <Filter>Source\AuroraSDK\Core</Filter>
    </ClCompile>
    <ClCompile Include="..\..\..\Aurora-SDK\Lib\Source\Core\AbstractFrame.cpp">
      <Filter>Source\AuroraSDK\Core</Filter>
    </ClCompile>
    <ClCompile Include="..\..\..\Aurora-SDK\Lib\Source\Core\AbstractThread.cpp">
      <Filter>Source\AuroraSDK\Core</Filter>
    </ClCompile>
    <ClCompile Include="..\..\..\Aurora-SDK\Lib\Source\Core\AbstractWindow.cpp">
      <Filter>Source\AuroraSDK\Core</Filter>
    </ClCompile>
    <ClCompile Include="..\..\..\Aurora-SDK\Lib\Source\Core\Color.cpp">
      <Filter>Source\AuroraSDK\Core</Filter>
    </ClCompile>
    <ClCompile Include="..\..\..\Aurora-SDK\Lib\Source\Core\Color3D.cpp">
      <Filter>Source\AuroraSDK\Core</Filter>
    </ClCompile>
    <ClCompile Include="..\..\..\Aurora-SDK\Lib\Source\Core\Component.cpp">
      <Filter>Source\AuroraSDK\Core</Filter>
    </ClCompile>
    <ClCompile Include="..\..\..\Aurora-SDK\Lib\Source\Core\ImageProperties.cpp">
      <Filter>Source\AuroraSDK\Core</Filter>
    </ClCompile>
    <ClCompile Include="..\..\..\Aurora-SDK\Lib\Source\Core\Paint.cpp">
      <Filter>Source\AuroraSDK\Core</Filter>
    </ClCompile>
    <ClCompile Include="..\..\..\Aurora-SDK\Lib\Source\Core\Panel.cpp">
      <Filter>Source\AuroraSDK\Core</Filter>
    </ClCompile>
    <ClCompile Include="..\..\..\Aurora-SDK\Lib\Source\Core\Pipeline.cpp">
      <Filter>Source\AuroraSDK\Core</Filter>
    </ClCompile>
    <ClCompile Include="..\..\..\Aurora-SDK\Lib\Source\Core\Rect.cpp">
      <Filter>Source\AuroraSDK\Core</Filter>
    </ClCompile>
    <ClCompile Include="..\..\..\Aurora-SDK\Lib\Source\Core\Styles.cpp">
      <Filter>Source\AuroraSDK\Core</Filter>
    </ClCompile>
    <ClCompile Include="..\..\..\Aurora-SDK\Lib\Source\Core\Toolkit.cpp">
      <Filter>Source\AuroraSDK\Core</Filter>
    </ClCompile>
    <ClCompile Include="..\..\..\Aurora-SDK\Lib\Source\Windows\DXUtils.cpp">
      <Filter>Source\AuroraSDK\Windows</Filter>
    </ClCompile>
    <ClCompile Include="..\..\..\Aurora-SDK\Lib\Source\Windows\QuadExpansionShader.cpp">
      <Filter>Source\AuroraSDK\Windows</Filter>
    </ClCompile>
    <ClCompile Include="..\..\..\Aurora-SDK\Lib\Source\Windows\VertexTypes.cpp">
      <Filter>Source\AuroraSDK\Windows</Filter>
    </ClCompile>
    <ClCompile Include="..\..\..\Aurora-SDK\Lib\Source\Core\AbstractEvent.cpp">
      <Filter>Source\AuroraSDK\Core</Filter>
    </ClCompile>
    <ClCompile Include="..\..\..\Aurora-SDK\Lib\Source\Core\AbstractListener.cpp">
      <Filter>Source\AuroraSDK\Core</Filter>
    </ClCompile>
    <ClCompile Include="..\..\..\Aurora-SDK\Lib\Source\Core\ActionEvent.cpp">
      <Filter>Source\AuroraSDK\Core</Filter>
    </ClCompile>
    <ClCompile Include="..\..\..\Aurora-SDK\Lib\Source\Core\ActionListener.cpp">
      <Filter>Source\AuroraSDK\Core</Filter>
    </ClCompile>
    <ClCompile Include="..\..\..\Aurora-SDK\Lib\Source\Core\ComponentEvent.cpp">
      <Filter>Source\AuroraSDK\Core</Filter>
    </ClCompile>
    <ClCompile Include="..\..\..\Aurora-SDK\Lib\Source\Core\ComponentEventSource.cpp">
      <Filter>Source\AuroraSDK\Core</Filter>
    </ClCompile>
    <ClCompile Include="..\..\..\Aurora-SDK\Lib\Source\Core\EventSource.cpp">
      <Filter>Source\AuroraSDK\Core</Filter>
    </ClCompile>
    <ClCompile Include="..\..\..\Aurora-SDK\Lib\Source\Core\FocusEvent.cpp">
      <Filter>Source\AuroraSDK\Core</Filter>
    </ClCompile>
    <ClCompile Include="..\..\..\Aurora-SDK\Lib\Source\Core\FocusListener.cpp">
      <Filter>Source\AuroraSDK\Core</Filter>
    </ClCompile>
    <ClCompile Include="..\..\..\Aurora-SDK\Lib\Source\Core\MouseEvent.cpp">
      <Filter>Source\AuroraSDK\Core</Filter>
    </ClCompile>
    <ClCompile Include="..\..\..\Aurora-SDK\Lib\Source\Core\MouseListener.cpp">
      <Filter>Source\AuroraSDK\Core</Filter>
    </ClCompile>
    <ClCompile Include="..\..\..\Aurora-SDK\Lib\Source\Core\MouseMotionListener.cpp">
      <Filter>Source\AuroraSDK\Core</Filter>
    </ClCompile>
    <ClCompile Include="..\..\..\Aurora-SDK\Lib\Source\Core\WindowEvent.cpp">
      <Filter>Source\AuroraSDK\Core</Filter>
    </ClCompile>
    <ClCompile Include="..\..\..\Aurora-SDK\Lib\Source\Core\WindowListener.cpp">
      <Filter>Source\AuroraSDK\Core</Filter>
    </ClCompile>
    <ClCompile Include="..\..\..\Aurora-SDK\Lib\Source\Core\ComponentManager.cpp">
      <Filter>Source\AuroraSDK\Core</Filter>
    </ClCompile>
    <ClCompile Include="..\..\..\Aurora-SDK\Lib\Source\Core\CascadingLayout.cpp">
      <Filter>Source\AuroraSDK\Core</Filter>
    </ClCompile>
    <ClCompile Include="..\..\..\Aurora-SDK\Lib\Source\Core\Easing.cpp">
      <Filter>Source\AuroraSDK\Core</Filter>
    </ClCompile>
    <ClCompile Include="FadeListener.cpp">
      <Filter>Source\NotificationCenter</Filter>
    </ClCompile>
    <ClCompile Include="ResizeListener.cpp">
      <Filter>Source\NotificationCenter</Filter>
    </ClCompile>
    <ClCompile Include="BorderRadiiListener.cpp">
      <Filter>Source\NotificationCenter</Filter>
    </ClCompile>
    <ClCompile Include="..\..\..\Aurora-SDK\Lib\Source\Core\Animator.cpp">
      <Filter>Source\AuroraSDK\Core</Filter>
    </ClCompile>
  </ItemGroup>
  <ItemGroup>
    <Image Include="Assets\images\small.ico">
      <Filter>Assets\NotificationCenter</Filter>
    </Image>
    <Image Include="..\..\..\Aurora-SDK\Lib\Assets\Images\muzzler windows-sync background [a] 1.jpg">
      <Filter>Assets\AuroraSDK\Images</Filter>
    </Image>
    <Image Include="..\..\..\Aurora-SDK\Lib\Assets\Images\muzzler windows-sync background [a] 1.png">
      <Filter>Assets\AuroraSDK\Images</Filter>
    </Image>
    <Image Include="..\..\..\Aurora-SDK\Lib\Assets\Images\muzzler windows-sync background [a] 2.jpg">
      <Filter>Assets\AuroraSDK\Images</Filter>
    </Image>
    <Image Include="..\..\..\Aurora-SDK\Lib\Assets\Images\muzzler windows-sync background [a] 3.jpg">
      <Filter>Assets\AuroraSDK\Images</Filter>
    </Image>
    <Image Include="..\..\..\Aurora-SDK\Lib\Assets\Images\muzzler windows-sync background [b] 1.jpg">
      <Filter>Assets\AuroraSDK\Images</Filter>
    </Image>
    <Image Include="..\..\..\Aurora-SDK\Lib\Assets\Images\muzzler windows-sync background [c] 1.png">
      <Filter>Assets\AuroraSDK\Images</Filter>
    </Image>
    <Image Include="..\..\..\Aurora-SDK\Lib\Assets\Images\muzzler windows-sync bottomLeftShadow [a] 1.png">
      <Filter>Assets\AuroraSDK\Images</Filter>
    </Image>
    <Image Include="..\..\..\Aurora-SDK\Lib\Assets\Images\muzzler windows-sync bottomRightShadow [a] 1.png">
      <Filter>Assets\AuroraSDK\Images</Filter>
    </Image>
    <Image Include="..\..\..\Aurora-SDK\Lib\Assets\Images\muzzler windows-sync bottomShadow [a] 1.png">
      <Filter>Assets\AuroraSDK\Images</Filter>
    </Image>
    <Image Include="..\..\..\Aurora-SDK\Lib\Assets\Images\muzzler windows-sync leftShadow [a] 1.png">
      <Filter>Assets\AuroraSDK\Images</Filter>
    </Image>
    <Image Include="..\..\..\Aurora-SDK\Lib\Assets\Images\muzzler windows-sync rightShadow [a] 1.png">
      <Filter>Assets\AuroraSDK\Images</Filter>
    </Image>
    <Image Include="..\..\..\Aurora-SDK\Lib\Assets\Images\muzzler windows-sync textureAlbumsWall [a] 1.jpg">
      <Filter>Assets\AuroraSDK\Images</Filter>
    </Image>
    <Image Include="..\..\..\Aurora-SDK\Lib\Assets\Images\muzzler windows-sync textureBackground [a] 1.jpg">
      <Filter>Assets\AuroraSDK\Images</Filter>
    </Image>
    <Image Include="..\..\..\Aurora-SDK\Lib\Assets\Images\muzzler windows-sync textureBackground [a] 2.jpg">
      <Filter>Assets\AuroraSDK\Images</Filter>
    </Image>
    <Image Include="..\..\..\Aurora-SDK\Lib\Assets\Images\muzzler windows-sync textureBackground [a] 3.jpg">
      <Filter>Assets\AuroraSDK\Images</Filter>
    </Image>
    <Image Include="..\..\..\Aurora-SDK\Lib\Assets\Images\muzzler windows-sync textureBackground [a] 4.jpg">
      <Filter>Assets\AuroraSDK\Images</Filter>
    </Image>
    <Image Include="..\..\..\Aurora-SDK\Lib\Assets\Images\muzzler windows-sync textureBackground [a] 5.jpg">
      <Filter>Assets\AuroraSDK\Images</Filter>
    </Image>
    <Image Include="..\..\..\Aurora-SDK\Lib\Assets\Images\muzzler windows-sync textureBackground [b] 1.png">
      <Filter>Assets\AuroraSDK\Images</Filter>
    </Image>
    <Image Include="..\..\..\Aurora-SDK\Lib\Assets\Images\muzzler windows-sync textureLogo [a] 1.png">
      <Filter>Assets\AuroraSDK\Images</Filter>
    </Image>
    <Image Include="..\..\..\Aurora-SDK\Lib\Assets\Images\muzzler windows-sync topLeftShadow [a] 1.png">
      <Filter>Assets\AuroraSDK\Images</Filter>
    </Image>
    <Image Include="..\..\..\Aurora-SDK\Lib\Assets\Images\muzzler windows-sync topRightShadow [a] 1.png">
      <Filter>Assets\AuroraSDK\Images</Filter>
    </Image>
    <Image Include="..\..\..\Aurora-SDK\Lib\Assets\Images\muzzler windows-sync topShadow [a] 1.png">
      <Filter>Assets\AuroraSDK\Images</Filter>
    </Image>
  </ItemGroup>
  <ItemGroup>
    <ClInclude Include="NotificationCenter.h">
      <Filter>Include\NotificationCenter</Filter>
    </ClInclude>
    <ClInclude Include="Launcher.h">
      <Filter>Include\NotificationCenter</Filter>
    </ClInclude>
    <ClInclude Include="CustomPanel.h">
      <Filter>Include\NotificationCenter</Filter>
    </ClInclude>
    <ClInclude Include="..\..\..\Aurora-SDK\Include\Windows\AbstractShader.h">
      <Filter>Include\AuroraSDK\Windows</Filter>
    </ClInclude>
    <ClInclude Include="..\..\..\Aurora-SDK\Include\Windows\AbstractTextureShader.h">
      <Filter>Include\AuroraSDK\Windows</Filter>
    </ClInclude>
    <ClInclude Include="..\..\..\Aurora-SDK\Include\Windows\BackBuffer.h">
      <Filter>Include\AuroraSDK\Windows</Filter>
    </ClInclude>
    <ClInclude Include="..\..\..\Aurora-SDK\Include\Windows\ColoredTextureShader.h">
      <Filter>Include\AuroraSDK\Windows</Filter>
    </ClInclude>
    <ClInclude Include="..\..\..\Aurora-SDK\Include\Windows\ColorShader.h">
      <Filter>Include\AuroraSDK\Windows</Filter>
    </ClInclude>
    <ClInclude Include="..\..\..\Aurora-SDK\Include\Windows\EventQueue.h">
      <Filter>Include\AuroraSDK\Windows</Filter>
    </ClInclude>
    <ClInclude Include="..\..\..\Aurora-SDK\Include\Windows\ExtLibs.h">
      <Filter>Include\AuroraSDK\Windows</Filter>
    </ClInclude>
    <ClInclude Include="..\..\..\Aurora-SDK\Include\Windows\Frame.h">
      <Filter>Include\AuroraSDK\Windows</Filter>
    </ClInclude>
    <ClInclude Include="..\..\..\Aurora-SDK\Include\Windows\Graphics.h">
      <Filter>Include\AuroraSDK\Windows</Filter>
    </ClInclude>
    <ClInclude Include="..\..\..\Aurora-SDK\Include\Windows\QuadData.h">
      <Filter>Include\AuroraSDK\Windows</Filter>
    </ClInclude>
    <ClInclude Include="..\..\..\Aurora-SDK\Include\Windows\QuadFactory.h">
      <Filter>Include\AuroraSDK\Windows</Filter>
    </ClInclude>
    <ClInclude Include="..\..\..\Aurora-SDK\Include\Windows\TextureShader.h">
      <Filter>Include\AuroraSDK\Windows</Filter>
    </ClInclude>
    <ClInclude Include="..\..\..\Aurora-SDK\Include\Windows\Thread.h">
      <Filter>Include\AuroraSDK\Windows</Filter>
    </ClInclude>
    <ClInclude Include="..\..\..\Aurora-SDK\Include\Windows\Window.h">
      <Filter>Include\AuroraSDK\Windows</Filter>
    </ClInclude>
    <ClInclude Include="..\..\..\Aurora-SDK\Include\Windows\AbstractTexture.h">
      <Filter>Include\AuroraSDK\Windows</Filter>
    </ClInclude>
    <ClInclude Include="..\..\..\Aurora-SDK\Include\Windows\Texture.h">
      <Filter>Include\AuroraSDK\Windows</Filter>
    </ClInclude>
    <ClInclude Include="..\..\..\Aurora-SDK\Include\Windows\TextureBuffer.h">
      <Filter>Include\AuroraSDK\Windows</Filter>
    </ClInclude>
    <ClInclude Include="..\..\..\Aurora-SDK\Include\Structure\Graphics.h">
      <Filter>Include\AuroraSDK\Structure</Filter>
    </ClInclude>
    <ClInclude Include="..\..\..\Aurora-SDK\Include\A2D.h">
      <Filter>Include\AuroraSDK</Filter>
    </ClInclude>
    <ClInclude Include="..\..\..\Aurora-SDK\Include\Core\AbstractBackBuffer.h">
      <Filter>Include\AuroraSDK\Core</Filter>
    </ClInclude>
    <ClInclude Include="..\..\..\Aurora-SDK\Include\Core\AbstractEventQueue.h">
      <Filter>Include\AuroraSDK\Core</Filter>
    </ClInclude>
    <ClInclude Include="..\..\..\Aurora-SDK\Include\Core\AbstractFrame.h">
      <Filter>Include\AuroraSDK\Core</Filter>
    </ClInclude>
    <ClInclude Include="..\..\..\Aurora-SDK\Include\Core\AbstractThread.h">
      <Filter>Include\AuroraSDK\Core</Filter>
    </ClInclude>
    <ClInclude Include="..\..\..\Aurora-SDK\Include\Core\AbstractWindow.h">
      <Filter>Include\AuroraSDK\Core</Filter>
    </ClInclude>
    <ClInclude Include="..\..\..\Aurora-SDK\Include\Core\CameraProperties.h">
      <Filter>Include\AuroraSDK\Core</Filter>
    </ClInclude>
    <ClInclude Include="..\..\..\Aurora-SDK\Include\Core\Color.h">
      <Filter>Include\AuroraSDK\Core</Filter>
    </ClInclude>
    <ClInclude Include="..\..\..\Aurora-SDK\Include\Core\Color3D.h">
      <Filter>Include\AuroraSDK\Core</Filter>
    </ClInclude>
    <ClInclude Include="..\..\..\Aurora-SDK\Include\Core\Component.h">
      <Filter>Include\AuroraSDK\Core</Filter>
    </ClInclude>
    <ClInclude Include="..\..\..\Aurora-SDK\Include\Core\Dims.h">
      <Filter>Include\AuroraSDK\Core</Filter>
    </ClInclude>
    <ClInclude Include="..\..\..\Aurora-SDK\Include\Core\ExtLibs.h">
      <Filter>Include\AuroraSDK\Core</Filter>
    </ClInclude>
    <ClInclude Include="..\..\..\Aurora-SDK\Include\Core\GXSettings.h">
      <Filter>Include\AuroraSDK\Core</Filter>
    </ClInclude>
    <ClInclude Include="..\..\..\Aurora-SDK\Include\Core\ImageProperties.h">
      <Filter>Include\AuroraSDK\Core</Filter>
    </ClInclude>
    <ClInclude Include="..\..\..\Aurora-SDK\Include\Core\Paint.h">
      <Filter>Include\AuroraSDK\Core</Filter>
    </ClInclude>
    <ClInclude Include="..\..\..\Aurora-SDK\Include\Core\Panel.h">
      <Filter>Include\AuroraSDK\Core</Filter>
    </ClInclude>
    <ClInclude Include="..\..\..\Aurora-SDK\Include\Core\Pipeline.h">
      <Filter>Include\AuroraSDK\Core</Filter>
    </ClInclude>
    <ClInclude Include="..\..\..\Aurora-SDK\Include\Core\Rect.h">
      <Filter>Include\AuroraSDK\Core</Filter>
    </ClInclude>
    <ClInclude Include="..\..\..\Aurora-SDK\Include\Core\RepaintManager.h">
      <Filter>Include\AuroraSDK\Core</Filter>
    </ClInclude>
    <ClInclude Include="..\..\..\Aurora-SDK\Include\Core\Runnable.h">
      <Filter>Include\AuroraSDK\Core</Filter>
    </ClInclude>
    <ClInclude Include="..\..\..\Aurora-SDK\Include\Core\Toolkit.h">
      <Filter>Include\AuroraSDK\Core</Filter>
    </ClInclude>
    <ClInclude Include="..\..\..\Aurora-SDK\Include\_A2DDebug.h">
      <Filter>Include\AuroraSDK</Filter>
    </ClInclude>
    <ClInclude Include="..\..\..\Aurora-SDK\Include\_A2DLinkers.h">
      <Filter>Include\AuroraSDK</Filter>
    </ClInclude>
    <ClInclude Include="..\..\..\Aurora-SDK\Include\Windows\DXUtils.h">
      <Filter>Include\AuroraSDK\Windows</Filter>
    </ClInclude>
    <ClInclude Include="..\..\..\Aurora-SDK\Include\Windows\QuadExpansionShader.h">
      <Filter>Include\AuroraSDK\Windows</Filter>
    </ClInclude>
    <ClInclude Include="..\..\..\Aurora-SDK\Include\Windows\VertexTypes.h">
      <Filter>Include\AuroraSDK\Windows</Filter>
    </ClInclude>
    <ClInclude Include="..\..\..\Aurora-SDK\Include\_A2DCommon.h">
      <Filter>Include\AuroraSDK</Filter>
    </ClInclude>
    <ClInclude Include="..\..\..\Aurora-SDK\Include\Core\AbstractEvent.h">
      <Filter>Include\AuroraSDK\Core</Filter>
    </ClInclude>
    <ClInclude Include="..\..\..\Aurora-SDK\Include\Core\AbstractListener.h">
      <Filter>Include\AuroraSDK\Core</Filter>
    </ClInclude>
    <ClInclude Include="..\..\..\Aurora-SDK\Include\Core\ActionEvent.h">
      <Filter>Include\AuroraSDK\Core</Filter>
    </ClInclude>
    <ClInclude Include="..\..\..\Aurora-SDK\Include\Core\ActionListener.h">
      <Filter>Include\AuroraSDK\Core</Filter>
    </ClInclude>
    <ClInclude Include="..\..\..\Aurora-SDK\Include\Core\ComponentEvent.h">
      <Filter>Include\AuroraSDK\Core</Filter>
    </ClInclude>
    <ClInclude Include="..\..\..\Aurora-SDK\Include\Core\ComponentEventSource.h">
      <Filter>Include\AuroraSDK\Core</Filter>
    </ClInclude>
    <ClInclude Include="..\..\..\Aurora-SDK\Include\Core\EventSource.h">
      <Filter>Include\AuroraSDK\Core</Filter>
    </ClInclude>
    <ClInclude Include="..\..\..\Aurora-SDK\Include\Core\FocusEvent.h">
      <Filter>Include\AuroraSDK\Core</Filter>
    </ClInclude>
    <ClInclude Include="..\..\..\Aurora-SDK\Include\Core\FocusListener.h">
      <Filter>Include\AuroraSDK\Core</Filter>
    </ClInclude>
    <ClInclude Include="..\..\..\Aurora-SDK\Include\Core\MouseEvent.h">
      <Filter>Include\AuroraSDK\Core</Filter>
    </ClInclude>
    <ClInclude Include="..\..\..\Aurora-SDK\Include\Core\MouseListener.h">
      <Filter>Include\AuroraSDK\Core</Filter>
    </ClInclude>
    <ClInclude Include="..\..\..\Aurora-SDK\Include\Core\MouseMotionListener.h">
      <Filter>Include\AuroraSDK\Core</Filter>
    </ClInclude>
    <ClInclude Include="..\..\..\Aurora-SDK\Include\Core\WindowEvent.h">
      <Filter>Include\AuroraSDK\Core</Filter>
    </ClInclude>
    <ClInclude Include="..\..\..\Aurora-SDK\Include\Core\WindowListener.h">
      <Filter>Include\AuroraSDK\Core</Filter>
    </ClInclude>
    <ClInclude Include="..\..\..\Aurora-SDK\Include\Core\OrderedList.h">
      <Filter>Include\AuroraSDK\Core</Filter>
    </ClInclude>
    <ClInclude Include="..\..\..\Aurora-SDK\Include\Core\UnorderedList.h">
      <Filter>Include\AuroraSDK\Core</Filter>
    </ClInclude>
    <ClInclude Include="..\..\..\Aurora-SDK\Include\Core\ComponentManager.h">
      <Filter>Include\AuroraSDK\Core</Filter>
    </ClInclude>
    <ClInclude Include="..\..\..\Aurora-SDK\Include\Core\CascadingLayout.h">
      <Filter>Include\AuroraSDK\Core</Filter>
    </ClInclude>
    <ClInclude Include="..\..\..\Aurora-SDK\Include\Core\BorderSet.h">
      <Filter>Include\AuroraSDK\Core</Filter>
    </ClInclude>
    <ClInclude Include="..\..\..\Aurora-SDK\Include\Core\Pipelineable.h">
      <Filter>Include\AuroraSDK\Core</Filter>
    </ClInclude>
    <ClInclude Include="..\..\..\Aurora-SDK\Include\Core\Point.h">
      <Filter>Include\AuroraSDK\Core</Filter>
    </ClInclude>
    <ClInclude Include="..\..\..\Aurora-SDK\Include\Core\Style.h">
      <Filter>Include\AuroraSDK\Core</Filter>
    </ClInclude>
    <ClInclude Include="..\..\..\Aurora-SDK\Include\Core\A2DCOMPONENTRENDERSTYLESET.h">
      <Filter>Include\AuroraSDK\Core</Filter>
    </ClInclude>
    <ClInclude Include="..\..\..\Aurora-SDK\Include\Core\A2DDISTANCESET2.h">
      <Filter>Include\AuroraSDK\Core</Filter>
    </ClInclude>
    <ClInclude Include="..\..\..\Aurora-SDK\Include\Core\A2DPIXELDISTANCESETUINT2.h">
      <Filter>Include\AuroraSDK\Core</Filter>
    </ClInclude>
    <ClInclude Include="..\..\..\Aurora-SDK\Include\Core\A2DPIXELDISTANCESETUINT4.h">
      <Filter>Include\AuroraSDK\Core</Filter>
    </ClInclude>
    <ClInclude Include="..\..\..\Aurora-SDK\Include\Core\A2DPIXELDISTANCESETINT4.h">
      <Filter>Include\AuroraSDK\Core</Filter>
    </ClInclude>
    <ClInclude Include="..\..\..\Aurora-SDK\Include\Core\A2DBORDERSET4.h">
      <Filter>Include\AuroraSDK\Core</Filter>
    </ClInclude>
    <ClInclude Include="..\..\..\Aurora-SDK\Include\Core\A2DDISTANCESET4.h">
      <Filter>Include\AuroraSDK\Core</Filter>
    </ClInclude>
    <ClInclude Include="..\..\..\Aurora-SDK\Include\Core\A2DUINT4.h">
      <Filter>Include\AuroraSDK\Core</Filter>
    </ClInclude>
    <ClInclude Include="..\..\..\Aurora-SDK\Include\Core\Easing.h">
      <Filter>Include\AuroraSDK\Core</Filter>
    </ClInclude>
    <ClInclude Include="FadeListener.h">
      <Filter>Include\NotificationCenter</Filter>
    </ClInclude>
    <ClInclude Include="ResizeListener.h">
      <Filter>Include\NotificationCenter</Filter>
    </ClInclude>
    <ClInclude Include="BorderRadiiListener.h">
      <Filter>Include\NotificationCenter</Filter>
    </ClInclude>
    <ClInclude Include="..\..\..\Aurora-SDK\Include\Core\A2DCOMPONENTFUNCTIONPTR.h">
      <Filter>Include\AuroraSDK\Core</Filter>
    </ClInclude>
    <ClInclude Include="..\..\..\Aurora-SDK\Include\Core\Animator.h">
      <Filter>Include\AuroraSDK\Core</Filter>
    </ClInclude>
    <ClInclude Include="Resources.h">
      <Filter>Include\NotificationCenter</Filter>
    </ClInclude>
    <ClInclude Include="..\..\..\Aurora-SDK\Include\A2DResources.h">
      <Filter>Include\AuroraSDK</Filter>
    </ClInclude>
    <ClInclude Include="..\..\..\Aurora-SDK\Include\Core\A2DINTERPOLATORFLOAT.h">
      <Filter>Include\AuroraSDK\Core</Filter>
    </ClInclude>
    <ClInclude Include="..\..\..\Aurora-SDK\Include\Core\A2DANIMATABLEFLOATX.h">
      <Filter>Include\AuroraSDK\Core</Filter>
    </ClInclude>
    <ClInclude Include="..\..\..\Aurora-SDK\Include\Core\A2DCACHEDANIMATIONX.h">
      <Filter>Include\AuroraSDK\Core</Filter>
    </ClInclude>
    <ClInclude Include="..\..\..\Aurora-SDK\Include\Core\A2DFLOAT4.h">
      <Filter>Include\AuroraSDK\Core</Filter>
    </ClInclude>
    <ClInclude Include="..\..\..\Aurora-SDK\Include\Core\Math.h">
      <Filter>Include\AuroraSDK\Core</Filter>
    </ClInclude>
  </ItemGroup>
  <ItemGroup>
    <CustomBuild Include="..\..\..\Aurora-SDK\Lib\Assets\Shaders\color.fx">
      <Filter>Assets\AuroraSDK\Shaders</Filter>
    </CustomBuild>
    <CustomBuild Include="..\..\..\Aurora-SDK\Lib\Assets\Shaders\horizontalblur.fx">
      <Filter>Assets\AuroraSDK\Shaders</Filter>
    </CustomBuild>
    <CustomBuild Include="..\..\..\Aurora-SDK\Lib\Assets\Shaders\texture.fx">
      <Filter>Assets\AuroraSDK\Shaders</Filter>
    </CustomBuild>
    <CustomBuild Include="..\..\..\Aurora-SDK\Lib\Assets\Shaders\verticalblur.fx">
      <Filter>Assets\AuroraSDK\Shaders</Filter>
    </CustomBuild>
    <CustomBuild Include="..\..\..\Aurora-SDK\Lib\Assets\Shaders\quad.fx">
      <Filter>Assets\AuroraSDK\Shaders</Filter>
    </CustomBuild>
  </ItemGroup>
</Project>