<?xml version="1.0" encoding="utf-8"?>
<Project ToolsVersion="4.0" xmlns="http://schemas.microsoft.com/developer/msbuild/2003">
  <ItemGroup>
    <Filter Include="Include">
      <UniqueIdentifier>{93995380-89BD-4b04-88EB-625FBE52EBFB}</UniqueIdentifier>
      <Extensions>h;hh;hpp;hxx;hm;inl;inc;xsd</Extensions>
    </Filter>
    <Filter Include="Include\AuroraSDK">
      <UniqueIdentifier>{4e9d842b-c21a-4109-87e0-ebe22c83a58a}</UniqueIdentifier>
    </Filter>
    <Filter Include="Source">
      <UniqueIdentifier>{4FC737F1-C7A5-4376-A066-2A32D752A2FF}</UniqueIdentifier>
      <Extensions>cpp;c;cc;cxx;def;odl;idl;hpj;bat;asm;asmx</Extensions>
    </Filter>
    <Filter Include="Source\AuroraSDK">
      <UniqueIdentifier>{02ae4ec5-35d3-438c-8d2c-785ff224e6c2}</UniqueIdentifier>
    </Filter>
    <Filter Include="Source\NotificationCenter">
      <UniqueIdentifier>{9f878f53-360b-47e2-8aa7-b843b7126096}</UniqueIdentifier>
    </Filter>
    <Filter Include="Include\NotificationCenter">
      <UniqueIdentifier>{75ad42df-244c-412e-874a-b9d007dcb0cd}</UniqueIdentifier>
    </Filter>
    <Filter Include="Assets">
      <UniqueIdentifier>{67DA6AB6-F800-4c08-8B7A-83BB121AAD01}</UniqueIdentifier>
      <Extensions>rc;ico;cur;bmp;dlg;rc2;rct;bin;rgs;gif;jpg;jpeg;jpe;resx;tiff;tif;png;wav;mfcribbon-ms</Extensions>
    </Filter>
    <Filter Include="Assets\AuroraSDK">
      <UniqueIdentifier>{0edb71b6-d754-4d21-9f34-874bd14dd04b}</UniqueIdentifier>
    </Filter>
    <Filter Include="Assets\AuroraSDK\Images">
      <UniqueIdentifier>{e0d4b011-d01f-4724-acc3-3bded9703f8c}</UniqueIdentifier>
    </Filter>
    <Filter Include="Assets\AuroraSDK\Shaders">
      <UniqueIdentifier>{bec7cc6e-0bd9-4837-b0af-5807873b3d8a}</UniqueIdentifier>
    </Filter>
    <Filter Include="Assets\NotificationCenter">
      <UniqueIdentifier>{915695ea-ce31-41e7-8903-f311ce790c86}</UniqueIdentifier>
    </Filter>
    <Filter Include="Include\AuroraSDK\Windows">
      <UniqueIdentifier>{a1a2397a-486a-4c56-a06f-a2e71c1bd1af}</UniqueIdentifier>
    </Filter>
    <Filter Include="Include\AuroraSDK\Linux">
      <UniqueIdentifier>{3533dbb1-1d3c-4f45-b63b-94a682c2c72c}</UniqueIdentifier>
    </Filter>
    <Filter Include="Source\AuroraSDK\Windows">
      <UniqueIdentifier>{f8befe8d-8b03-4d7d-a1c6-8be15b99ebc5}</UniqueIdentifier>
    </Filter>
    <Filter Include="Source\AuroraSDK\Linux">
      <UniqueIdentifier>{8734ac5f-41df-451e-83e1-37d0110414e6}</UniqueIdentifier>
    </Filter>
  </ItemGroup>
  <ItemGroup>
    <ClCompile Include="NotificationCenter.cpp">
      <Filter>Source\NotificationCenter</Filter>
    </ClCompile>
    <ClCompile Include="..\..\..\Aurora-SDK\Lib\Source\Abstract.cpp">
      <Filter>Source\AuroraSDK</Filter>
    </ClCompile>
    <ClCompile Include="..\..\..\Aurora-SDK\Lib\Source\AbstractFrame.cpp">
      <Filter>Source\AuroraSDK</Filter>
    </ClCompile>
    <ClCompile Include="..\..\..\Aurora-SDK\Lib\Source\AbstractTexture.cpp">
      <Filter>Source\AuroraSDK</Filter>
    </ClCompile>
    <ClCompile Include="..\..\..\Aurora-SDK\Lib\Source\AbstractWindow.cpp">
      <Filter>Source\AuroraSDK</Filter>
    </ClCompile>
    <ClCompile Include="..\..\..\Aurora-SDK\Lib\Source\BackBuffer.cpp">
      <Filter>Source\AuroraSDK</Filter>
    </ClCompile>
    <ClCompile Include="..\..\..\Aurora-SDK\Lib\Source\Component.cpp">
      <Filter>Source\AuroraSDK</Filter>
    </ClCompile>
    <ClCompile Include="..\..\..\Aurora-SDK\Lib\Source\FileInfo.cpp">
      <Filter>Source\AuroraSDK</Filter>
    </ClCompile>
    <ClCompile Include="..\..\..\Aurora-SDK\Lib\Source\Graphics.cpp">
      <Filter>Source\AuroraSDK</Filter>
    </ClCompile>
    <ClCompile Include="..\..\..\Aurora-SDK\Lib\Source\ImageProperties.cpp">
      <Filter>Source\AuroraSDK</Filter>
    </ClCompile>
    <ClCompile Include="..\..\..\Aurora-SDK\Lib\Source\MatrixFactory.cpp">
      <Filter>Source\AuroraSDK</Filter>
    </ClCompile>
    <ClCompile Include="..\..\..\Aurora-SDK\Lib\Source\Panel.cpp">
      <Filter>Source\AuroraSDK</Filter>
    </ClCompile>
    <ClCompile Include="..\..\..\Aurora-SDK\Lib\Source\Pipeline.cpp">
      <Filter>Source\AuroraSDK</Filter>
    </ClCompile>
    <ClCompile Include="..\..\..\Aurora-SDK\Lib\Source\RootPane.cpp">
      <Filter>Source\AuroraSDK</Filter>
    </ClCompile>
    <ClCompile Include="..\..\..\Aurora-SDK\Lib\Source\Texture.cpp">
      <Filter>Source\AuroraSDK</Filter>
    </ClCompile>
    <ClCompile Include="..\..\..\Aurora-SDK\Lib\Source\TextureBuffer.cpp">
      <Filter>Source\AuroraSDK</Filter>
    </ClCompile>
    <ClCompile Include="..\..\..\Aurora-SDK\Lib\Source\Windows\Frame.cpp">
      <Filter>Source\AuroraSDK\Windows</Filter>
    </ClCompile>
    <ClCompile Include="..\..\..\Aurora-SDK\Lib\Source\Windows\Window.cpp">
      <Filter>Source\AuroraSDK\Windows</Filter>
    </ClCompile>
    <ClCompile Include="..\..\..\Aurora-SDK\Lib\Source\Windows\EventQueue.cpp">
      <Filter>Source\AuroraSDK\Windows</Filter>
    </ClCompile>
    <ClCompile Include="..\..\..\Aurora-SDK\Lib\Source\Windows\Thread.cpp">
      <Filter>Source\AuroraSDK\Windows</Filter>
    </ClCompile>
    <ClCompile Include="..\..\..\Aurora-SDK\Lib\Source\AbstractEventQueue.cpp">
      <Filter>Source\AuroraSDK</Filter>
    </ClCompile>
    <ClCompile Include="..\..\..\Aurora-SDK\Lib\Source\AbstractThread.cpp">
      <Filter>Source\AuroraSDK</Filter>
    </ClCompile>
    <ClCompile Include="..\..\..\Aurora-SDK\Lib\Source\Toolkit.cpp">
      <Filter>Source\AuroraSDK</Filter>
    </ClCompile>
    <ClCompile Include="Launcher.cpp">
      <Filter>Source\NotificationCenter</Filter>
    </ClCompile>
    <ClCompile Include="..\..\..\Aurora-SDK\Lib\Source\DXShaderUtils.cpp">
      <Filter>Source\AuroraSDK</Filter>
    </ClCompile>
    <ClCompile Include="..\..\..\Aurora-SDK\Lib\Source\DXShapeUtils.cpp">
      <Filter>Source\AuroraSDK</Filter>
    </ClCompile>
    <ClCompile Include="..\..\..\Aurora-SDK\Lib\Source\QuadFactory.cpp">
      <Filter>Source\AuroraSDK</Filter>
    </ClCompile>
    <ClCompile Include="..\..\..\Aurora-SDK\Lib\Source\Rect.cpp">
      <Filter>Source\AuroraSDK</Filter>
    </ClCompile>
    <ClCompile Include="..\..\..\Aurora-SDK\Lib\Source\Dims.cpp">
      <Filter>Source\AuroraSDK</Filter>
    </ClCompile>
    <ClCompile Include="..\..\..\Aurora-SDK\Lib\Source\RepaintManager.cpp">
      <Filter>Source\AuroraSDK</Filter>
    </ClCompile>
    <ClCompile Include="..\..\..\Aurora-SDK\Lib\Source\AbstractTextureShader.cpp">
      <Filter>Source\AuroraSDK</Filter>
    </ClCompile>
    <ClCompile Include="..\..\..\Aurora-SDK\Lib\Source\ColoredTextureShader.cpp">
      <Filter>Source\AuroraSDK</Filter>
    </ClCompile>
  </ItemGroup>
  <ItemGroup>
    <Image Include="Assets\images\small.ico">
      <Filter>Assets\NotificationCenter</Filter>
    </Image>
    <Image Include="..\..\..\Aurora-SDK\Lib\Assets\Images\muzzler windows-sync background [a] 1.jpg">
      <Filter>Assets\AuroraSDK\Images</Filter>
    </Image>
    <Image Include="..\..\..\Aurora-SDK\Lib\Assets\Images\muzzler windows-sync background [a] 1.png">
      <Filter>Assets\AuroraSDK\Images</Filter>
    </Image>
    <Image Include="..\..\..\Aurora-SDK\Lib\Assets\Images\muzzler windows-sync background [a] 2.jpg">
      <Filter>Assets\AuroraSDK\Images</Filter>
    </Image>
    <Image Include="..\..\..\Aurora-SDK\Lib\Assets\Images\muzzler windows-sync background [a] 3.jpg">
      <Filter>Assets\AuroraSDK\Images</Filter>
    </Image>
    <Image Include="..\..\..\Aurora-SDK\Lib\Assets\Images\muzzler windows-sync background [b] 1.jpg">
      <Filter>Assets\AuroraSDK\Images</Filter>
    </Image>
    <Image Include="..\..\..\Aurora-SDK\Lib\Assets\Images\muzzler windows-sync background [c] 1.png">
      <Filter>Assets\AuroraSDK\Images</Filter>
    </Image>
    <Image Include="..\..\..\Aurora-SDK\Lib\Assets\Images\muzzler windows-sync bottomLeftShadow [a] 1.png">
      <Filter>Assets\AuroraSDK\Images</Filter>
    </Image>
    <Image Include="..\..\..\Aurora-SDK\Lib\Assets\Images\muzzler windows-sync bottomRightShadow [a] 1.png">
      <Filter>Assets\AuroraSDK\Images</Filter>
    </Image>
    <Image Include="..\..\..\Aurora-SDK\Lib\Assets\Images\muzzler windows-sync bottomShadow [a] 1.png">
      <Filter>Assets\AuroraSDK\Images</Filter>
    </Image>
    <Image Include="..\..\..\Aurora-SDK\Lib\Assets\Images\muzzler windows-sync leftShadow [a] 1.png">
      <Filter>Assets\AuroraSDK\Images</Filter>
    </Image>
    <Image Include="..\..\..\Aurora-SDK\Lib\Assets\Images\muzzler windows-sync rightShadow [a] 1.png">
      <Filter>Assets\AuroraSDK\Images</Filter>
    </Image>
    <Image Include="..\..\..\Aurora-SDK\Lib\Assets\Images\muzzler windows-sync textureAlbumsWall [a] 1.jpg">
      <Filter>Assets\AuroraSDK\Images</Filter>
    </Image>
    <Image Include="..\..\..\Aurora-SDK\Lib\Assets\Images\muzzler windows-sync textureBackground [a] 1.jpg">
      <Filter>Assets\AuroraSDK\Images</Filter>
    </Image>
    <Image Include="..\..\..\Aurora-SDK\Lib\Assets\Images\muzzler windows-sync textureBackground [a] 2.jpg">
      <Filter>Assets\AuroraSDK\Images</Filter>
    </Image>
    <Image Include="..\..\..\Aurora-SDK\Lib\Assets\Images\muzzler windows-sync textureBackground [a] 3.jpg">
      <Filter>Assets\AuroraSDK\Images</Filter>
    </Image>
    <Image Include="..\..\..\Aurora-SDK\Lib\Assets\Images\muzzler windows-sync textureBackground [a] 4.jpg">
      <Filter>Assets\AuroraSDK\Images</Filter>
    </Image>
    <Image Include="..\..\..\Aurora-SDK\Lib\Assets\Images\muzzler windows-sync textureBackground [a] 5.jpg">
      <Filter>Assets\AuroraSDK\Images</Filter>
    </Image>
    <Image Include="..\..\..\Aurora-SDK\Lib\Assets\Images\muzzler windows-sync textureBackground [b] 1.png">
      <Filter>Assets\AuroraSDK\Images</Filter>
    </Image>
    <Image Include="..\..\..\Aurora-SDK\Lib\Assets\Images\muzzler windows-sync textureLogo [a] 1.png">
      <Filter>Assets\AuroraSDK\Images</Filter>
    </Image>
    <Image Include="..\..\..\Aurora-SDK\Lib\Assets\Images\muzzler windows-sync topLeftShadow [a] 1.png">
      <Filter>Assets\AuroraSDK\Images</Filter>
    </Image>
    <Image Include="..\..\..\Aurora-SDK\Lib\Assets\Images\muzzler windows-sync topRightShadow [a] 1.png">
      <Filter>Assets\AuroraSDK\Images</Filter>
    </Image>
    <Image Include="..\..\..\Aurora-SDK\Lib\Assets\Images\muzzler windows-sync topShadow [a] 1.png">
      <Filter>Assets\AuroraSDK\Images</Filter>
    </Image>
  </ItemGroup>
  <ItemGroup>
    <ClInclude Include="NotificationCenter.h">
      <Filter>Include\NotificationCenter</Filter>
    </ClInclude>
    <ClInclude Include="..\..\..\Aurora-SDK\Include\Windows\Frame.h">
      <Filter>Include\AuroraSDK\Windows</Filter>
    </ClInclude>
    <ClInclude Include="..\..\..\Aurora-SDK\Include\Windows\Window.h">
      <Filter>Include\AuroraSDK\Windows</Filter>
    </ClInclude>
    <ClInclude Include="..\..\..\Aurora-SDK\Include\Abstract.h">
      <Filter>Include\AuroraSDK</Filter>
    </ClInclude>
    <ClInclude Include="..\..\..\Aurora-SDK\Include\AbstractFrame.h">
      <Filter>Include\AuroraSDK</Filter>
    </ClInclude>
    <ClInclude Include="..\..\..\Aurora-SDK\Include\AbstractTexture.h">
      <Filter>Include\AuroraSDK</Filter>
    </ClInclude>
    <ClInclude Include="..\..\..\Aurora-SDK\Include\AbstractWindow.h">
      <Filter>Include\AuroraSDK</Filter>
    </ClInclude>
    <ClInclude Include="..\..\..\Aurora-SDK\Include\BackBuffer.h">
      <Filter>Include\AuroraSDK</Filter>
    </ClInclude>
    <ClInclude Include="..\..\..\Aurora-SDK\Include\CameraProperties.h">
      <Filter>Include\AuroraSDK</Filter>
    </ClInclude>
    <ClInclude Include="..\..\..\Aurora-SDK\Include\Common.h">
      <Filter>Include\AuroraSDK</Filter>
    </ClInclude>
    <ClInclude Include="..\..\..\Aurora-SDK\Include\Component.h">
      <Filter>Include\AuroraSDK</Filter>
    </ClInclude>
    <ClInclude Include="..\..\..\Aurora-SDK\Include\Dims.h">
      <Filter>Include\AuroraSDK</Filter>
    </ClInclude>
    <ClInclude Include="..\..\..\Aurora-SDK\Include\ExtLibs.h">
      <Filter>Include\AuroraSDK</Filter>
    </ClInclude>
    <ClInclude Include="..\..\..\Aurora-SDK\Include\FileInfo.h">
      <Filter>Include\AuroraSDK</Filter>
    </ClInclude>
    <ClInclude Include="..\..\..\Aurora-SDK\Include\Graphics.h">
      <Filter>Include\AuroraSDK</Filter>
    </ClInclude>
    <ClInclude Include="..\..\..\Aurora-SDK\Include\GXSettings.h">
      <Filter>Include\AuroraSDK</Filter>
    </ClInclude>
    <ClInclude Include="..\..\..\Aurora-SDK\Include\ImageProperties.h">
      <Filter>Include\AuroraSDK</Filter>
    </ClInclude>
    <ClInclude Include="..\..\..\Aurora-SDK\Include\MatrixFactory.h">
      <Filter>Include\AuroraSDK</Filter>
    </ClInclude>
    <ClInclude Include="..\..\..\Aurora-SDK\Include\Panel.h">
      <Filter>Include\AuroraSDK</Filter>
    </ClInclude>
    <ClInclude Include="..\..\..\Aurora-SDK\Include\Pipeline.h">
      <Filter>Include\AuroraSDK</Filter>
    </ClInclude>
    <ClInclude Include="..\..\..\Aurora-SDK\Include\Rect.h">
      <Filter>Include\AuroraSDK</Filter>
    </ClInclude>
    <ClInclude Include="..\..\..\Aurora-SDK\Include\RootPane.h">
      <Filter>Include\AuroraSDK</Filter>
    </ClInclude>
    <ClInclude Include="..\..\..\Aurora-SDK\Include\Texture.h">
      <Filter>Include\AuroraSDK</Filter>
    </ClInclude>
    <ClInclude Include="..\..\..\Aurora-SDK\Include\TextureBuffer.h">
      <Filter>Include\AuroraSDK</Filter>
    </ClInclude>
    <ClInclude Include="..\..\..\Aurora-SDK\Include\Windows\ExtLibs.h">
      <Filter>Include\AuroraSDK\Windows</Filter>
    </ClInclude>
    <ClInclude Include="..\..\..\Aurora-SDK\Include\Color.h">
      <Filter>Include\AuroraSDK</Filter>
    </ClInclude>
    <ClInclude Include="..\..\..\Aurora-SDK\Include\AbstractEventQueue.h">
      <Filter>Include\AuroraSDK</Filter>
    </ClInclude>
    <ClInclude Include="..\..\..\Aurora-SDK\Include\Windows\EventQueue.h">
      <Filter>Include\AuroraSDK\Windows</Filter>
    </ClInclude>
    <ClInclude Include="..\..\..\Aurora-SDK\Include\Windows\Thread.h">
      <Filter>Include\AuroraSDK\Windows</Filter>
    </ClInclude>
    <ClInclude Include="..\..\..\Aurora-SDK\Include\Runnable.h">
      <Filter>Include\AuroraSDK</Filter>
    </ClInclude>
    <ClInclude Include="..\..\..\Aurora-SDK\Include\AbstractThread.h">
      <Filter>Include\AuroraSDK</Filter>
    </ClInclude>
    <ClInclude Include="..\..\..\Aurora-SDK\Include\Toolkit.h">
      <Filter>Include\AuroraSDK</Filter>
    </ClInclude>
    <ClInclude Include="Launcher.h">
      <Filter>Include\NotificationCenter</Filter>
    </ClInclude>
    <ClInclude Include="..\..\..\Aurora-SDK\Include\QuadData.h">
      <Filter>Include\AuroraSDK</Filter>
    </ClInclude>
    <ClInclude Include="..\..\..\Aurora-SDK\Include\DXShaderUtils.h">
      <Filter>Include\AuroraSDK</Filter>
    </ClInclude>
    <ClInclude Include="..\..\..\Aurora-SDK\Include\DXShapeUtils.h">
      <Filter>Include\AuroraSDK</Filter>
    </ClInclude>
    <ClInclude Include="..\..\..\Aurora-SDK\Include\QuadFactory.h">
      <Filter>Include\AuroraSDK</Filter>
    </ClInclude>
    <ClInclude Include="..\..\..\Aurora-SDK\Include\A2D.h">
      <Filter>Include\AuroraSDK</Filter>
    </ClInclude>
    <ClInclude Include="..\..\..\Aurora-SDK\Include\TextureVertex.h">
      <Filter>Include\AuroraSDK</Filter>
    </ClInclude>
    <ClInclude Include="..\..\..\Aurora-SDK\Include\ColoredTextureVertex.h">
      <Filter>Include\AuroraSDK</Filter>
    </ClInclude>
    <ClInclude Include="..\..\..\Aurora-SDK\Include\OrderedList.h">
      <Filter>Include\AuroraSDK</Filter>
    </ClInclude>
    <ClInclude Include="..\..\..\Aurora-SDK\Include\UnorderedList.h">
      <Filter>Include\AuroraSDK</Filter>
    </ClInclude>
    <ClInclude Include="..\..\..\Aurora-SDK\Include\RepaintManager.h">
      <Filter>Include\AuroraSDK</Filter>
    </ClInclude>
    <ClInclude Include="..\..\..\Aurora-SDK\Include\GradientPaint.h">
      <Filter>Include\AuroraSDK</Filter>
    </ClInclude>
    <ClInclude Include="..\..\..\Aurora-SDK\Include\Color3D.h">
      <Filter>Include\AuroraSDK</Filter>
    </ClInclude>
    <ClInclude Include="..\..\..\Aurora-SDK\Include\ColorVertex.h">
      <Filter>Include\AuroraSDK</Filter>
    </ClInclude>
    <ClInclude Include="..\..\..\Aurora-SDK\Include\AbstractTextureShader.h">
      <Filter>Include\AuroraSDK</Filter>
    </ClInclude>
    <ClInclude Include="..\..\..\Aurora-SDK\Include\ColoredTextureShader.h">
      <Filter>Include\AuroraSDK</Filter>
    </ClInclude>
  </ItemGroup>
  <ItemGroup>
    <FxCompile Include="..\..\..\Aurora-SDK\Lib\Assets\Shaders\color.fx">
      <Filter>Assets\AuroraSDK\Shaders</Filter>
    </FxCompile>
    <FxCompile Include="..\..\..\Aurora-SDK\Lib\Assets\Shaders\horizontalblur.fx">
      <Filter>Assets\AuroraSDK\Shaders</Filter>
    </FxCompile>
    <FxCompile Include="..\..\..\Aurora-SDK\Lib\Assets\Shaders\texture.fx">
      <Filter>Assets\AuroraSDK\Shaders</Filter>
    </FxCompile>
    <FxCompile Include="..\..\..\Aurora-SDK\Lib\Assets\Shaders\verticalblur.fx">
      <Filter>Assets\AuroraSDK\Shaders</Filter>
    </FxCompile>
  </ItemGroup>
</Project>